
Microsoft Visual Studio Solution File, Format Version 12.00
# Visual Studio Version 16
VisualStudioVersion = 16.0.31728.308
MinimumVisualStudioVersion = 10.0.40219.1
Project("{9A19103F-16F7-4668-BE54-9A1E7A4F7556}") = "RegulowanyRynek", "RegulowanyRynek\RegulowanyRynek.csproj", "{DBE07236-6AF1-40D3-9206-E3D61730DA95}"
EndProject
Project("{FAE04EC0-301F-11D3-BF4B-00C04F79EFBC}") = "RegulowanyRynekTest", "RegulowanyRynekTest\RegulowanyRynekTest.csproj", "{1B8183DC-58F2-4731-ADD0-BA5350DE5D85}"
EndProject
Global
	GlobalSection(SolutionConfigurationPlatforms) = preSolution
		Debug|Any CPU = Debug|Any CPU
		Release|Any CPU = Release|Any CPU
	EndGlobalSection
	GlobalSection(ProjectConfigurationPlatforms) = postSolution
		{DBE07236-6AF1-40D3-9206-E3D61730DA95}.Debug|Any CPU.ActiveCfg = Debug|Any CPU
		{DBE07236-6AF1-40D3-9206-E3D61730DA95}.Debug|Any CPU.Build.0 = Debug|Any CPU
		{DBE07236-6AF1-40D3-9206-E3D61730DA95}.Release|Any CPU.ActiveCfg = Release|Any CPU
		{DBE07236-6AF1-40D3-9206-E3D61730DA95}.Release|Any CPU.Build.0 = Release|Any CPU
		{1B8183DC-58F2-4731-ADD0-BA5350DE5D85}.Debug|Any CPU.ActiveCfg = Debug|Any CPU
		{1B8183DC-58F2-4731-ADD0-BA5350DE5D85}.Debug|Any CPU.Build.0 = Debug|Any CPU
		{1B8183DC-58F2-4731-ADD0-BA5350DE5D85}.Release|Any CPU.ActiveCfg = Release|Any CPU
		{1B8183DC-58F2-4731-ADD0-BA5350DE5D85}.Release|Any CPU.Build.0 = Release|Any CPU
	EndGlobalSection
	GlobalSection(SolutionProperties) = preSolution
		HideSolutionNode = FALSE
	EndGlobalSection
	GlobalSection(ExtensibilityGlobals) = postSolution
		SolutionGuid = {DD75DDDE-7BA2-41F1-BA6D-6BEE72D652DB}
	EndGlobalSection
EndGlobal
